
Microsoft Visual Studio Solution File, Format Version 12.00
# Visual Studio 15
VisualStudioVersion = 15.0.28307.106
MinimumVisualStudioVersion = 10.0.40219.1
Project("{FAE04EC0-301F-11D3-BF4B-00C04F79EFBC}") = "RecordItems", "RecordItems\RecordItems.csproj", "{C3E01BA8-3949-439A-8956-EF8A134AF16D}"
EndProject
Project("{FAE04EC0-301F-11D3-BF4B-00C04F79EFBC}") = "RecordItems.Tests", "RecordItems.Tests\RecordItems.Tests.csproj", "{D6093CD7-8302-4C3F-97CD-2152D105D712}"
EndProject
Global
	GlobalSection(SolutionConfigurationPlatforms) = preSolution
		Debug|Any CPU = Debug|Any CPU
		Release|Any CPU = Release|Any CPU
	EndGlobalSection
	GlobalSection(ProjectConfigurationPlatforms) = postSolution
		{C3E01BA8-3949-439A-8956-EF8A134AF16D}.Debug|Any CPU.ActiveCfg = Debug|Any CPU
		{C3E01BA8-3949-439A-8956-EF8A134AF16D}.Debug|Any CPU.Build.0 = Debug|Any CPU
		{C3E01BA8-3949-439A-8956-EF8A134AF16D}.Release|Any CPU.ActiveCfg = Release|Any CPU
		{C3E01BA8-3949-439A-8956-EF8A134AF16D}.Release|Any CPU.Build.0 = Release|Any CPU
		{D6093CD7-8302-4C3F-97CD-2152D105D712}.Debug|Any CPU.ActiveCfg = Debug|Any CPU
		{D6093CD7-8302-4C3F-97CD-2152D105D712}.Debug|Any CPU.Build.0 = Debug|Any CPU
		{D6093CD7-8302-4C3F-97CD-2152D105D712}.Release|Any CPU.ActiveCfg = Release|Any CPU
		{D6093CD7-8302-4C3F-97CD-2152D105D712}.Release|Any CPU.Build.0 = Release|Any CPU
	EndGlobalSection
	GlobalSection(SolutionProperties) = preSolution
		HideSolutionNode = FALSE
	EndGlobalSection
	GlobalSection(ExtensibilityGlobals) = postSolution
		SolutionGuid = {B922F668-2D0C-4E73-BD00-7FF9FFCE26C7}
	EndGlobalSection
EndGlobal
